
Microsoft Visual Studio Solution File, Format Version 12.00
# Visual Studio 15
VisualStudioVersion = 15.0.28010.2048
MinimumVisualStudioVersion = 10.0.40219.1
Project("{FAE04EC0-301F-11D3-BF4B-00C04F79EFBC}") = "Checkpoint04", "Checkpoint04\Checkpoint04.csproj", "{FBC0631D-DE12-4D9D-B663-64A6DA5C283A}"
EndProject
Global
	GlobalSection(SolutionConfigurationPlatforms) = preSolution
		Debug|Any CPU = Debug|Any CPU
		Release|Any CPU = Release|Any CPU
	EndGlobalSection
	GlobalSection(ProjectConfigurationPlatforms) = postSolution
		{FBC0631D-DE12-4D9D-B663-64A6DA5C283A}.Debug|Any CPU.ActiveCfg = Debug|Any CPU
		{FBC0631D-DE12-4D9D-B663-64A6DA5C283A}.Debug|Any CPU.Build.0 = Debug|Any CPU
		{FBC0631D-DE12-4D9D-B663-64A6DA5C283A}.Release|Any CPU.ActiveCfg = Release|Any CPU
		{FBC0631D-DE12-4D9D-B663-64A6DA5C283A}.Release|Any CPU.Build.0 = Release|Any CPU
	EndGlobalSection
	GlobalSection(SolutionProperties) = preSolution
		HideSolutionNode = FALSE
	EndGlobalSection
	GlobalSection(ExtensibilityGlobals) = postSolution
		SolutionGuid = {ADDFE0BE-0056-4E14-A1C5-F5A75E34CA67}
	EndGlobalSection
EndGlobal
